
Microsoft Visual Studio Solution File, Format Version 12.00
# Visual Studio 2012
Project("{FAE04EC0-301F-11D3-BF4B-00C04F79EFBC}") = "Commuteasy", "Commuteasy\Commuteasy.csproj", "{F873BA39-E836-4D95-B507-5D51A3D3108B}"
EndProject
Global
	GlobalSection(SolutionConfigurationPlatforms) = preSolution
		Debug|Any CPU = Debug|Any CPU
		Release|Any CPU = Release|Any CPU
	EndGlobalSection
	GlobalSection(ProjectConfigurationPlatforms) = postSolution
		{F873BA39-E836-4D95-B507-5D51A3D3108B}.Debug|Any CPU.ActiveCfg = Debug|Any CPU
		{F873BA39-E836-4D95-B507-5D51A3D3108B}.Debug|Any CPU.Build.0 = Debug|Any CPU
		{F873BA39-E836-4D95-B507-5D51A3D3108B}.Release|Any CPU.ActiveCfg = Release|Any CPU
		{F873BA39-E836-4D95-B507-5D51A3D3108B}.Release|Any CPU.Build.0 = Release|Any CPU
	EndGlobalSection
EndGlobal
